<?xml version="1.0" encoding="utf-8"?>
<Project ToolsVersion="4.0" xmlns="http://schemas.microsoft.com/developer/msbuild/2003">
  <ItemGroup>
    <Filter Include="cpp_src"><UniqueIdentifier>{0856c0cb-a0af-4960-95f1-2520ea5db26a}</UniqueIdentifier></Filter>
    <Filter Include="h_src"><UniqueIdentifier>{0dd68507-495d-4dba-99d1-4e4b399bfdae}</UniqueIdentifier></Filter>
    <Filter Include="lua_src"><UniqueIdentifier>{8397c3fc-1247-4b11-b1aa-60315d9a8565}</UniqueIdentifier></Filter>
    <Filter Include="asm_src"><UniqueIdentifier>{64f68eb0-4680-4a68-a03b-be6dc6c945f3}</UniqueIdentifier></Filter>
    <Filter Include="minhook_src"><UniqueIdentifier>{50dc6b13-cec9-4e05-9fc9-33f6a2356a14}</UniqueIdentifier></Filter>
    <Filter Include="rc_src"><UniqueIdentifier>{71962dec-12ea-4aa2-af4b-c753181231de}</UniqueIdentifier></Filter>
  </ItemGroup>
  <ItemGroup>
    <ClCompile Include="src\dll_main.cpp"><Filter>cpp_src</Filter></ClCompile>
    <ClCompile Include="src\lua_binding_assembly.cpp"><Filter>cpp_src</Filter></ClCompile>
    <ClCompile Include="src\lua_binding_class.cpp"><Filter>cpp_src</Filter></ClCompile>
    <ClCompile Include="src\lua_binding_field.cpp"><Filter>cpp_src</Filter></ClCompile>
    <ClCompile Include="src\lua_binding_instance.cpp"><Filter>cpp_src</Filter></ClCompile>
    <ClCompile Include="src\lua_binding_method.cpp"><Filter>cpp_src</Filter></ClCompile>
    <ClCompile Include="src\lua_binding_root.cpp"><Filter>cpp_src</Filter></ClCompile>
    <ClCompile Include="src\lua_bridge_init.cpp"><Filter>cpp_src</Filter></ClCompile>
    <ClCompile Include="src\lua_container.cpp"><Filter>cpp_src</Filter></ClCompile>
    <ClCompile Include="src\lua_value.cpp"><Filter>cpp_src</Filter></ClCompile>
    <ClCompile Include="src\lua_method_call.cpp"><Filter>cpp_src</Filter></ClCompile>
    <ClCompile Include="src\mono_hook.cpp"><Filter>cpp_src</Filter></ClCompile>
    <ClCompile Include="src\mono_scheduler.cpp"><Filter>cpp_src</Filter></ClCompile>
    <ClCompile Include="src\lua_userdata.cpp"><Filter>cpp_src</Filter></ClCompile>
    <ClCompile Include="src\lua_engine.cpp"><Filter>cpp_src</Filter></ClCompile>
    <ClCompile Include="src\mono_resolver.cpp"><Filter>cpp_src</Filter></ClCompile>
    <ClCompile Include="src\mono_runtime.cpp"><Filter>cpp_src</Filter></ClCompile>
    <ClCompile Include="src\mono_session.cpp"><Filter>cpp_src</Filter></ClCompile>
    <ClCompile Include="src\pipe_channel.cpp"><Filter>cpp_src</Filter></ClCompile>
    <ClCompile Include="src\unity_object_query.cpp"><Filter>cpp_src</Filter></ClCompile>
    <ClCompile Include="lua_src\lapi.c"><Filter>lua_src</Filter></ClCompile>
    <ClCompile Include="lua_src\lauxlib.c"><Filter>lua_src</Filter></ClCompile>
    <ClCompile Include="lua_src\lbaselib.c"><Filter>lua_src</Filter></ClCompile>
    <ClCompile Include="lua_src\lcode.c"><Filter>lua_src</Filter></ClCompile>
    <ClCompile Include="lua_src\lcorolib.c"><Filter>lua_src</Filter></ClCompile>
    <ClCompile Include="lua_src\lctype.c"><Filter>lua_src</Filter></ClCompile>
    <ClCompile Include="lua_src\ldblib.c"><Filter>lua_src</Filter></ClCompile>
    <ClCompile Include="lua_src\ldebug.c"><Filter>lua_src</Filter></ClCompile>
    <ClCompile Include="lua_src\ldo.c"><Filter>lua_src</Filter></ClCompile>
    <ClCompile Include="lua_src\ldump.c"><Filter>lua_src</Filter></ClCompile>
    <ClCompile Include="lua_src\lfunc.c"><Filter>lua_src</Filter></ClCompile>
    <ClCompile Include="lua_src\lgc.c"><Filter>lua_src</Filter></ClCompile>
    <ClCompile Include="lua_src\linit.c"><Filter>lua_src</Filter></ClCompile>
    <ClCompile Include="lua_src\liolib.c"><Filter>lua_src</Filter></ClCompile>
    <ClCompile Include="lua_src\llex.c"><Filter>lua_src</Filter></ClCompile>
    <ClCompile Include="lua_src\lmathlib.c"><Filter>lua_src</Filter></ClCompile>
    <ClCompile Include="lua_src\lmem.c"><Filter>lua_src</Filter></ClCompile>
    <ClCompile Include="lua_src\loadlib.c"><Filter>lua_src</Filter></ClCompile>
    <ClCompile Include="lua_src\lobject.c"><Filter>lua_src</Filter></ClCompile>
    <ClCompile Include="lua_src\lopcodes.c"><Filter>lua_src</Filter></ClCompile>
    <ClCompile Include="lua_src\loslib.c"><Filter>lua_src</Filter></ClCompile>
    <ClCompile Include="lua_src\lparser.c"><Filter>lua_src</Filter></ClCompile>
    <ClCompile Include="lua_src\lstate.c"><Filter>lua_src</Filter></ClCompile>
    <ClCompile Include="lua_src\lstring.c"><Filter>lua_src</Filter></ClCompile>
    <ClCompile Include="lua_src\lstrlib.c"><Filter>lua_src</Filter></ClCompile>
    <ClCompile Include="lua_src\ltable.c"><Filter>lua_src</Filter></ClCompile>
    <ClCompile Include="lua_src\ltablib.c"><Filter>lua_src</Filter></ClCompile>
    <ClCompile Include="lua_src\ltm.c"><Filter>lua_src</Filter></ClCompile>
    <ClCompile Include="lua_src\lundump.c"><Filter>lua_src</Filter></ClCompile>
    <ClCompile Include="lua_src\lutf8lib.c"><Filter>lua_src</Filter></ClCompile>
    <ClCompile Include="lua_src\lvm.c"><Filter>lua_src</Filter></ClCompile>
    <ClCompile Include="lua_src\lzio.c"><Filter>lua_src</Filter></ClCompile>
    <ClCompile Include="minhook_src\buffer.c"><Filter>minhook_src</Filter></ClCompile>
    <ClCompile Include="minhook_src\hde32.c"><Filter>minhook_src</Filter></ClCompile>
    <ClCompile Include="minhook_src\hde64.c"><Filter>minhook_src</Filter></ClCompile>
    <ClCompile Include="minhook_src\hook.c"><Filter>minhook_src</Filter></ClCompile>
    <ClCompile Include="minhook_src\trampoline.c"><Filter>minhook_src</Filter></ClCompile>
  </ItemGroup>
  <ItemGroup>
    <ClInclude Include="src\common.h"><Filter>h_src</Filter></ClInclude>
    <ClInclude Include="src\lua_cpp.h"><Filter>h_src</Filter></ClInclude>
    <ClInclude Include="src\lua_dump.h"><Filter>h_src</Filter></ClInclude>
    <ClInclude Include="src\hook_stub.h"><Filter>h_src</Filter></ClInclude>
    <ClInclude Include="src\lua_bridge.h"><Filter>h_src</Filter></ClInclude>
    <ClInclude Include="src\lua_binding_internal.h"><Filter>h_src</Filter></ClInclude>
    <ClInclude Include="src\lua_value_internal.h"><Filter>h_src</Filter></ClInclude>
    <ClInclude Include="src\lua_engine.h"><Filter>h_src</Filter></ClInclude>
    <ClInclude Include="src\mono_api.h"><Filter>h_src</Filter></ClInclude>
    <ClInclude Include="src\mono_handle.h"><Filter>h_src</Filter></ClInclude>
    <ClInclude Include="src\mono_feature_fault.h"><Filter>h_src</Filter></ClInclude>
    <ClInclude Include="src\mono_scheduler_candidates.h"><Filter>h_src</Filter></ClInclude>
    <ClInclude Include="src\mono_metadata.h"><Filter>h_src</Filter></ClInclude>
    <ClInclude Include="src\mono_hook.h"><Filter>h_src</Filter></ClInclude>
    <ClInclude Include="src\mono_resolver.h"><Filter>h_src</Filter></ClInclude>
    <ClInclude Include="src\mono_runtime.h"><Filter>h_src</Filter></ClInclude>
    <ClInclude Include="src\mono_session.h"><Filter>h_src</Filter></ClInclude>
    <ClInclude Include="src\mono_scheduler.h"><Filter>h_src</Filter></ClInclude>
    <ClInclude Include="src\pipe_channel.h"><Filter>h_src</Filter></ClInclude>
    <ClInclude Include="src\protocol.h"><Filter>h_src</Filter></ClInclude>
    <ClInclude Include="src\version.h"><Filter>h_src</Filter></ClInclude>
    <ClInclude Include="src\unity_object_query.h"><Filter>h_src</Filter></ClInclude>
    <ClInclude Include="lua_src\lapi.h"><Filter>lua_src</Filter></ClInclude>
    <ClInclude Include="lua_src\lauxlib.h"><Filter>lua_src</Filter></ClInclude>
    <ClInclude Include="lua_src\lcode.h"><Filter>lua_src</Filter></ClInclude>
    <ClInclude Include="lua_src\lctype.h"><Filter>lua_src</Filter></ClInclude>
    <ClInclude Include="lua_src\ldebug.h"><Filter>lua_src</Filter></ClInclude>
    <ClInclude Include="lua_src\ldo.h"><Filter>lua_src</Filter></ClInclude>
    <ClInclude Include="lua_src\lfunc.h"><Filter>lua_src</Filter></ClInclude>
    <ClInclude Include="lua_src\lgc.h"><Filter>lua_src</Filter></ClInclude>
    <ClInclude Include="lua_src\ljumptab.h"><Filter>lua_src</Filter></ClInclude>
    <ClInclude Include="lua_src\llex.h"><Filter>lua_src</Filter></ClInclude>
    <ClInclude Include="lua_src\llimits.h"><Filter>lua_src</Filter></ClInclude>
    <ClInclude Include="lua_src\lmem.h"><Filter>lua_src</Filter></ClInclude>
    <ClInclude Include="lua_src\lobject.h"><Filter>lua_src</Filter></ClInclude>
    <ClInclude Include="lua_src\lopcodes.h"><Filter>lua_src</Filter></ClInclude>
    <ClInclude Include="lua_src\lopnames.h"><Filter>lua_src</Filter></ClInclude>
    <ClInclude Include="lua_src\lparser.h"><Filter>lua_src</Filter></ClInclude>
    <ClInclude Include="lua_src\lprefix.h"><Filter>lua_src</Filter></ClInclude>
    <ClInclude Include="lua_src\lstate.h"><Filter>lua_src</Filter></ClInclude>
    <ClInclude Include="lua_src\lstring.h"><Filter>lua_src</Filter></ClInclude>
    <ClInclude Include="lua_src\ltable.h"><Filter>lua_src</Filter></ClInclude>
    <ClInclude Include="lua_src\ltm.h"><Filter>lua_src</Filter></ClInclude>
    <ClInclude Include="lua_src\lua.h"><Filter>lua_src</Filter></ClInclude>
    <ClInclude Include="lua_src\lua.hpp"><Filter>lua_src</Filter></ClInclude>
    <ClInclude Include="lua_src\luaconf.h"><Filter>lua_src</Filter></ClInclude>
    <ClInclude Include="lua_src\lualib.h"><Filter>lua_src</Filter></ClInclude>
    <ClInclude Include="lua_src\lundump.h"><Filter>lua_src</Filter></ClInclude>
    <ClInclude Include="lua_src\lvm.h"><Filter>lua_src</Filter></ClInclude>
    <ClInclude Include="lua_src\lzio.h"><Filter>lua_src</Filter></ClInclude>
    <ClInclude Include="minhook_src\buffer.h"><Filter>minhook_src</Filter></ClInclude>
    <ClInclude Include="minhook_src\hde32.h"><Filter>minhook_src</Filter></ClInclude>
    <ClInclude Include="minhook_src\hde64.h"><Filter>minhook_src</Filter></ClInclude>
    <ClInclude Include="minhook_src\MinHook.h"><Filter>minhook_src</Filter></ClInclude>
    <ClInclude Include="minhook_src\pstdint.h"><Filter>minhook_src</Filter></ClInclude>
    <ClInclude Include="minhook_src\table32.h"><Filter>minhook_src</Filter></ClInclude>
    <ClInclude Include="minhook_src\table64.h"><Filter>minhook_src</Filter></ClInclude>
    <ClInclude Include="minhook_src\trampoline.h"><Filter>minhook_src</Filter></ClInclude>
  </ItemGroup>
  <ItemGroup><ResourceCompile Include="src\version.rc"><Filter>rc_src</Filter></ResourceCompile></ItemGroup>
  <ItemGroup>
    <Masm Include="src\hook_stub.asm"><Filter>asm_src</Filter></Masm>
  </ItemGroup>
  <ItemGroup><None Include="lua_src\Makefile"><Filter>lua_src</Filter></None></ItemGroup>
</Project>
